
Microsoft Visual Studio Solution File, Format Version 12.00
# Visual Studio 15
Project("{FAE04EC0-301F-11D3-BF4B-00C04F79EFBC}") = "AuthApi", "AuthApi\AuthApi.csproj", "{B59F083F-084C-4E07-B4C1-338E7BBD078A}"
EndProject
Project("{FAE04EC0-301F-11D3-BF4B-00C04F79EFBC}") = "AuthApi.Core", "AuthApi.Core\AuthApi.Core.csproj", "{84852262-267B-4E6C-B0D8-BCFF60EF46E2}"
EndProject
Global
	GlobalSection(SolutionConfigurationPlatforms) = preSolution
		Debug|Any CPU = Debug|Any CPU
		Release|Any CPU = Release|Any CPU
	EndGlobalSection
	GlobalSection(ProjectConfigurationPlatforms) = postSolution
		{B59F083F-084C-4E07-B4C1-338E7BBD078A}.Debug|Any CPU.ActiveCfg = Debug|Any CPU
		{B59F083F-084C-4E07-B4C1-338E7BBD078A}.Debug|Any CPU.Build.0 = Debug|Any CPU
		{B59F083F-084C-4E07-B4C1-338E7BBD078A}.Release|Any CPU.ActiveCfg = Release|Any CPU
		{B59F083F-084C-4E07-B4C1-338E7BBD078A}.Release|Any CPU.Build.0 = Release|Any CPU
		{84852262-267B-4E6C-B0D8-BCFF60EF46E2}.Debug|Any CPU.ActiveCfg = Debug|Any CPU
		{84852262-267B-4E6C-B0D8-BCFF60EF46E2}.Debug|Any CPU.Build.0 = Debug|Any CPU
		{84852262-267B-4E6C-B0D8-BCFF60EF46E2}.Release|Any CPU.ActiveCfg = Release|Any CPU
		{84852262-267B-4E6C-B0D8-BCFF60EF46E2}.Release|Any CPU.Build.0 = Release|Any CPU
	EndGlobalSection
EndGlobal
